github.com/likexian/gokit v0.25.13 h1:p2Uw3+6fGG53CwdU2Dz0T6bOycdb2+bAFAa3ymwWVkM=
github.com/likexian/gokit v0.25.13/go.mod h1:qQhEWFBEfqLCO3/vOEo2EDKd+EycekVtUK4tex+l2H4=
github.com/likexian/whois v1.15.2 h1:p/K2I3tRDT0h/l5XvMNbX0zL3/Nohu5gzVGZIkucm9g=
github.com/likexian/whois v1.15.2/go.mod h1:m4FoiLAV1TghTwChwNrHTFv0HSWR6EWcES95CHQfnAc=
github.com/likexian/whois v1.15.6 h1:hizngFHJTNQDlhwhU+FEGyPGxy8bRnf25gHDNrSB4Ag=
github.com/likexian/whois v1.15.6/go.mod h1:vx3kt3sZ4mx4XFgpaNp3GXQCZQIzAoyrUAkRtJwoM2I=
github.com/likexian/whois-parser v1.24.12 h1:3YnoBlpQMGmTdBr33SW/VxHxe2osuss4sN7E2KH7V/U=
github.com/likexian/whois-parser v1.24.12/go.mod h1:b6STMHHDaSKbd4PzGrP50wWE5NzeBUETa/hT9gI0G9I=
golang.org/x/net v0.35.0 h1:T5GQRQb2y08kTAByq9L4/bz8cipCdA8FbRTXewonqY8=
golang.org/x/net v0.35.0/go.mod h1:EglIi67kWsHKlRzzVMUD93VMSWGFOMSZgxFjparz1Qk=
golang.org/x/sync v0.12.0 h1:MHc5BpPuC30uJk597Ri8TV3CNZcTLu6B6z4lJy+g6Jw=
golang.org/x/sync v0.12.0/go.mod h1:1dzgHSNfp02xaA81J2MS99Qcpr2w7fw1gpm99rleRqA=
golang.org/x/text v0.22.0 h1:bofq7m3/HAFvbF51jz3Q9wLg3jkvSPuiZu/pD1XwgtM=
golang.org/x/text v0.22.0/go.mod h1:YRoo4H8PVmsu+E3Ou7cqLVH8oXWIHVoX0jqUWALQhfY=
